
Microsoft Visual Studio Solution File, Format Version 12.00
# Visual Studio Version 16
VisualStudioVersion = 16.0.30517.126
MinimumVisualStudioVersion = 10.0.40219.1
Project("{FAE04EC0-301F-11D3-BF4B-00C04F79EFBC}") = "OpenGL", "OpenGL.csproj", "{AB1DCE15-9F18-449E-ACBE-B350C1C0E1BF}"
EndProject
Global
	GlobalSection(SolutionConfigurationPlatforms) = preSolution
		Debug|Any CPU = Debug|Any CPU
		Release|Any CPU = Release|Any CPU
	EndGlobalSection
	GlobalSection(ProjectConfigurationPlatforms) = postSolution
		{AB1DCE15-9F18-449E-ACBE-B350C1C0E1BF}.Debug|Any CPU.ActiveCfg = Debug|Any CPU
		{AB1DCE15-9F18-449E-ACBE-B350C1C0E1BF}.Debug|Any CPU.Build.0 = Debug|Any CPU
		{AB1DCE15-9F18-449E-ACBE-B350C1C0E1BF}.Release|Any CPU.ActiveCfg = Release|Any CPU
		{AB1DCE15-9F18-449E-ACBE-B350C1C0E1BF}.Release|Any CPU.Build.0 = Release|Any CPU
	EndGlobalSection
	GlobalSection(SolutionProperties) = preSolution
		HideSolutionNode = FALSE
	EndGlobalSection
	GlobalSection(ExtensibilityGlobals) = postSolution
		SolutionGuid = {1CF4653C-657A-4F8E-8D79-EA268DE1E644}
	EndGlobalSection
EndGlobal
